
Microsoft Visual Studio Solution File, Format Version 12.00
# Visual Studio Version 16
VisualStudioVersion = 16.0.29613.14
MinimumVisualStudioVersion = 10.0.40219.1
Project("{FAE04EC0-301F-11D3-BF4B-00C04F79EFBC}") = "MultiThread", "MultiThread\MultiThread.csproj", "{B0C09AAA-9D01-43DF-96A0-6FDE7B1D9DFD}"
EndProject
Global
	GlobalSection(SolutionConfigurationPlatforms) = preSolution
		Debug|Any CPU = Debug|Any CPU
		Release|Any CPU = Release|Any CPU
	EndGlobalSection
	GlobalSection(ProjectConfigurationPlatforms) = postSolution
		{B0C09AAA-9D01-43DF-96A0-6FDE7B1D9DFD}.Debug|Any CPU.ActiveCfg = Debug|Any CPU
		{B0C09AAA-9D01-43DF-96A0-6FDE7B1D9DFD}.Debug|Any CPU.Build.0 = Debug|Any CPU
		{B0C09AAA-9D01-43DF-96A0-6FDE7B1D9DFD}.Release|Any CPU.ActiveCfg = Release|Any CPU
		{B0C09AAA-9D01-43DF-96A0-6FDE7B1D9DFD}.Release|Any CPU.Build.0 = Release|Any CPU
	EndGlobalSection
	GlobalSection(SolutionProperties) = preSolution
		HideSolutionNode = FALSE
	EndGlobalSection
	GlobalSection(ExtensibilityGlobals) = postSolution
		SolutionGuid = {10879C35-58D1-4941-9400-32CACA376F7A}
	EndGlobalSection
EndGlobal
